
Microsoft Visual Studio Solution File, Format Version 12.00
Project("{FAE04EC0-301F-11D3-BF4B-00C04F79EFBC}") = "Core", "Core\Core.csproj", "{723DC00D-D206-4848-9ECF-CCB056C9841D}"
EndProject
Project("{FAE04EC0-301F-11D3-BF4B-00C04F79EFBC}") = "Database", "Database\Database.csproj", "{986098B9-6842-4B19-8878-1F9A9E8CE364}"
EndProject
Project("{FAE04EC0-301F-11D3-BF4B-00C04F79EFBC}") = "Provisioning", "Provisioning\Provisioning.csproj", "{546C40AB-7F6D-47A9-86CD-3FB5F042E149}"
EndProject
Project("{FAE04EC0-301F-11D3-BF4B-00C04F79EFBC}") = "Web", "Web\Web.csproj", "{B360C64B-F45E-4DAA-99F5-5A19101AF681}"
EndProject
Project("{FAE04EC0-301F-11D3-BF4B-00C04F79EFBC}") = "Ingestion", "Ingestion\Ingestion.csproj", "{66DE6741-2ECB-423D-B908-D08A123F3D05}"
EndProject
Project("{FAE04EC0-301F-11D3-BF4B-00C04F79EFBC}") = "Host", "Host\Host.csproj", "{86FBFAD2-9133-4B60-99CF-CA6DCA1863EF}"
EndProject
Project("{FAE04EC0-301F-11D3-BF4B-00C04F79EFBC}") = "CsvCollector", "Plugins\CsvCollector\CsvCollector.csproj", "{715A1549-632F-426A-BF51-51F7F47DDC41}"
EndProject
Project("{FAE04EC0-301F-11D3-BF4B-00C04F79EFBC}") = "LDAPProvisioner", "Plugins\LDAPProvisioner\LDAPProvisioner.csproj", "{D361E2C7-0188-4FEE-BAE3-A781659A86DB}"
EndProject
Project("{2150E333-8FDC-42A3-9474-1A3956D46DE8}") = "Plugins", "Plugins", "{4FD3CDDE-FF45-4621-A894-EA2C0291C6F5}"
EndProject
Project("{2150E333-8FDC-42A3-9474-1A3956D46DE8}") = "Portal", "Portal", "{14BCA4C3-36B6-4389-84E9-23CA03C8D816}"
EndProject
Project("{2150E333-8FDC-42A3-9474-1A3956D46DE8}") = "Core", "Core", "{31E60A4E-B93D-40A8-B8B2-EDEFB57D7BF5}"
EndProject
Project("{FAE04EC0-301F-11D3-BF4B-00C04F79EFBC}") = "LDAPCollector", "Plugins\LDAPCollector\LDAPCollector.csproj", "{CB811977-B033-4987-B831-336350F42238}"
EndProject
Global
	GlobalSection(SolutionConfigurationPlatforms) = preSolution
		Debug|Any CPU = Debug|Any CPU
		Release|Any CPU = Release|Any CPU
	EndGlobalSection
	GlobalSection(ProjectConfigurationPlatforms) = postSolution
		{723DC00D-D206-4848-9ECF-CCB056C9841D}.Debug|Any CPU.ActiveCfg = Debug|Any CPU
		{723DC00D-D206-4848-9ECF-CCB056C9841D}.Debug|Any CPU.Build.0 = Debug|Any CPU
		{723DC00D-D206-4848-9ECF-CCB056C9841D}.Release|Any CPU.ActiveCfg = Release|Any CPU
		{723DC00D-D206-4848-9ECF-CCB056C9841D}.Release|Any CPU.Build.0 = Release|Any CPU
		{986098B9-6842-4B19-8878-1F9A9E8CE364}.Debug|Any CPU.ActiveCfg = Debug|Any CPU
		{986098B9-6842-4B19-8878-1F9A9E8CE364}.Debug|Any CPU.Build.0 = Debug|Any CPU
		{986098B9-6842-4B19-8878-1F9A9E8CE364}.Release|Any CPU.ActiveCfg = Release|Any CPU
		{986098B9-6842-4B19-8878-1F9A9E8CE364}.Release|Any CPU.Build.0 = Release|Any CPU
		{546C40AB-7F6D-47A9-86CD-3FB5F042E149}.Debug|Any CPU.ActiveCfg = Debug|Any CPU
		{546C40AB-7F6D-47A9-86CD-3FB5F042E149}.Debug|Any CPU.Build.0 = Debug|Any CPU
		{546C40AB-7F6D-47A9-86CD-3FB5F042E149}.Release|Any CPU.ActiveCfg = Release|Any CPU
		{546C40AB-7F6D-47A9-86CD-3FB5F042E149}.Release|Any CPU.Build.0 = Release|Any CPU
		{B360C64B-F45E-4DAA-99F5-5A19101AF681}.Debug|Any CPU.ActiveCfg = Debug|Any CPU
		{B360C64B-F45E-4DAA-99F5-5A19101AF681}.Debug|Any CPU.Build.0 = Debug|Any CPU
		{B360C64B-F45E-4DAA-99F5-5A19101AF681}.Release|Any CPU.ActiveCfg = Release|Any CPU
		{B360C64B-F45E-4DAA-99F5-5A19101AF681}.Release|Any CPU.Build.0 = Release|Any CPU
		{66DE6741-2ECB-423D-B908-D08A123F3D05}.Debug|Any CPU.ActiveCfg = Debug|Any CPU
		{66DE6741-2ECB-423D-B908-D08A123F3D05}.Debug|Any CPU.Build.0 = Debug|Any CPU
		{66DE6741-2ECB-423D-B908-D08A123F3D05}.Release|Any CPU.ActiveCfg = Release|Any CPU
		{66DE6741-2ECB-423D-B908-D08A123F3D05}.Release|Any CPU.Build.0 = Release|Any CPU
		{86FBFAD2-9133-4B60-99CF-CA6DCA1863EF}.Debug|Any CPU.ActiveCfg = Debug|Any CPU
		{86FBFAD2-9133-4B60-99CF-CA6DCA1863EF}.Debug|Any CPU.Build.0 = Debug|Any CPU
		{86FBFAD2-9133-4B60-99CF-CA6DCA1863EF}.Release|Any CPU.ActiveCfg = Release|Any CPU
		{86FBFAD2-9133-4B60-99CF-CA6DCA1863EF}.Release|Any CPU.Build.0 = Release|Any CPU
		{715A1549-632F-426A-BF51-51F7F47DDC41}.Debug|Any CPU.ActiveCfg = Debug|Any CPU
		{715A1549-632F-426A-BF51-51F7F47DDC41}.Debug|Any CPU.Build.0 = Debug|Any CPU
		{715A1549-632F-426A-BF51-51F7F47DDC41}.Release|Any CPU.ActiveCfg = Release|Any CPU
		{715A1549-632F-426A-BF51-51F7F47DDC41}.Release|Any CPU.Build.0 = Release|Any CPU
		{D361E2C7-0188-4FEE-BAE3-A781659A86DB}.Debug|Any CPU.ActiveCfg = Debug|Any CPU
		{D361E2C7-0188-4FEE-BAE3-A781659A86DB}.Debug|Any CPU.Build.0 = Debug|Any CPU
		{D361E2C7-0188-4FEE-BAE3-A781659A86DB}.Release|Any CPU.ActiveCfg = Release|Any CPU
		{D361E2C7-0188-4FEE-BAE3-A781659A86DB}.Release|Any CPU.Build.0 = Release|Any CPU
		{CB811977-B033-4987-B831-336350F42238}.Debug|Any CPU.ActiveCfg = Debug|Any CPU
		{CB811977-B033-4987-B831-336350F42238}.Debug|Any CPU.Build.0 = Debug|Any CPU
		{CB811977-B033-4987-B831-336350F42238}.Release|Any CPU.ActiveCfg = Release|Any CPU
		{CB811977-B033-4987-B831-336350F42238}.Release|Any CPU.Build.0 = Release|Any CPU
	EndGlobalSection
	GlobalSection(NestedProjects) = preSolution
		{D361E2C7-0188-4FEE-BAE3-A781659A86DB} = {4FD3CDDE-FF45-4621-A894-EA2C0291C6F5}
		{715A1549-632F-426A-BF51-51F7F47DDC41} = {4FD3CDDE-FF45-4621-A894-EA2C0291C6F5}
		{86FBFAD2-9133-4B60-99CF-CA6DCA1863EF} = {4FD3CDDE-FF45-4621-A894-EA2C0291C6F5}
		{B360C64B-F45E-4DAA-99F5-5A19101AF681} = {14BCA4C3-36B6-4389-84E9-23CA03C8D816}
		{723DC00D-D206-4848-9ECF-CCB056C9841D} = {31E60A4E-B93D-40A8-B8B2-EDEFB57D7BF5}
		{66DE6741-2ECB-423D-B908-D08A123F3D05} = {31E60A4E-B93D-40A8-B8B2-EDEFB57D7BF5}
		{546C40AB-7F6D-47A9-86CD-3FB5F042E149} = {31E60A4E-B93D-40A8-B8B2-EDEFB57D7BF5}
		{986098B9-6842-4B19-8878-1F9A9E8CE364} = {31E60A4E-B93D-40A8-B8B2-EDEFB57D7BF5}
		{CB811977-B033-4987-B831-336350F42238} = {4FD3CDDE-FF45-4621-A894-EA2C0291C6F5}
	EndGlobalSection
EndGlobal
